
Microsoft Visual Studio Solution File, Format Version 12.00
# Visual Studio Version 17
VisualStudioVersion = 17.7.34003.232
MinimumVisualStudioVersion = 10.0.40219.1
Project("{9A19103F-16F7-4668-BE54-9A1E7A4F7556}") = "SistemaAcademico", "SistemaAcademico\SistemaAcademico.csproj", "{3D80A724-1BBB-4659-92CF-15BEF9C003EC}"
EndProject
Global
	GlobalSection(SolutionConfigurationPlatforms) = preSolution
		Debug|Any CPU = Debug|Any CPU
		Release|Any CPU = Release|Any CPU
	EndGlobalSection
	GlobalSection(ProjectConfigurationPlatforms) = postSolution
		{3D80A724-1BBB-4659-92CF-15BEF9C003EC}.Debug|Any CPU.ActiveCfg = Debug|Any CPU
		{3D80A724-1BBB-4659-92CF-15BEF9C003EC}.Debug|Any CPU.Build.0 = Debug|Any CPU
		{3D80A724-1BBB-4659-92CF-15BEF9C003EC}.Release|Any CPU.ActiveCfg = Release|Any CPU
		{3D80A724-1BBB-4659-92CF-15BEF9C003EC}.Release|Any CPU.Build.0 = Release|Any CPU
	EndGlobalSection
	GlobalSection(SolutionProperties) = preSolution
		HideSolutionNode = FALSE
	EndGlobalSection
	GlobalSection(ExtensibilityGlobals) = postSolution
		SolutionGuid = {A3CDEC43-6748-46FC-975C-6FE06B7C1722}
	EndGlobalSection
EndGlobal
