Microsoft Visual Studio Solution File, Format Version 12.00
# Visual Studio Version 17
VisualStudioVersion = 17.5.2.0
MinimumVisualStudioVersion = 10.0.40219.1
Project("{FAE04EC0-301F-11D3-BF4B-00C04F79EFBC}") = "SistemaAcademico", "SistemaAcademico.csproj", "{D3930A27-55CB-30E3-027C-55E76F91EABD}"
EndProject
Global
	GlobalSection(SolutionConfigurationPlatforms) = preSolution
		Debug|Any CPU = Debug|Any CPU
		Release|Any CPU = Release|Any CPU
	EndGlobalSection
	GlobalSection(ProjectConfigurationPlatforms) = postSolution
		{D3930A27-55CB-30E3-027C-55E76F91EABD}.Debug|Any CPU.ActiveCfg = Debug|Any CPU
		{D3930A27-55CB-30E3-027C-55E76F91EABD}.Debug|Any CPU.Build.0 = Debug|Any CPU
		{D3930A27-55CB-30E3-027C-55E76F91EABD}.Release|Any CPU.ActiveCfg = Release|Any CPU
		{D3930A27-55CB-30E3-027C-55E76F91EABD}.Release|Any CPU.Build.0 = Release|Any CPU
	EndGlobalSection
	GlobalSection(SolutionProperties) = preSolution
		HideSolutionNode = FALSE
	EndGlobalSection
	GlobalSection(ExtensibilityGlobals) = postSolution
		SolutionGuid = {C9D239C3-E775-4A90-A6B5-A58537D7B4DA}
	EndGlobalSection
EndGlobal
